
Microsoft Visual Studio Solution File, Format Version 12.00
# Visual Studio 15
VisualStudioVersion = 15.0.28307.572
MinimumVisualStudioVersion = 10.0.40219.1
Project("{FAE04EC0-301F-11D3-BF4B-00C04F79EFBC}") = "CalculateCashDiscount", "CalculateCashDiscount\CalculateCashDiscount.csproj", "{389D87D7-8CEB-4B54-BB1C-1A8148D2E5E5}"
EndProject
Global
	GlobalSection(SolutionConfigurationPlatforms) = preSolution
		Debug|Any CPU = Debug|Any CPU
		Release|Any CPU = Release|Any CPU
	EndGlobalSection
	GlobalSection(ProjectConfigurationPlatforms) = postSolution
		{389D87D7-8CEB-4B54-BB1C-1A8148D2E5E5}.Debug|Any CPU.ActiveCfg = Debug|Any CPU
		{389D87D7-8CEB-4B54-BB1C-1A8148D2E5E5}.Debug|Any CPU.Build.0 = Debug|Any CPU
		{389D87D7-8CEB-4B54-BB1C-1A8148D2E5E5}.Release|Any CPU.ActiveCfg = Release|Any CPU
		{389D87D7-8CEB-4B54-BB1C-1A8148D2E5E5}.Release|Any CPU.Build.0 = Release|Any CPU
	EndGlobalSection
	GlobalSection(SolutionProperties) = preSolution
		HideSolutionNode = FALSE
	EndGlobalSection
	GlobalSection(ExtensibilityGlobals) = postSolution
		SolutionGuid = {6826FC30-213F-4F0E-8E32-4C1AC95EB23E}
	EndGlobalSection
EndGlobal
